
Microsoft Visual Studio Solution File, Format Version 12.00
# Visual Studio 2013
VisualStudioVersion = 12.0.21005.1
MinimumVisualStudioVersion = 10.0.40219.1
Project("{FAE04EC0-301F-11D3-BF4B-00C04F79EFBC}") = "PVFS21", "PVFS21\PVFS21.csproj", "{FAC4D70A-7CB7-4D7C-BECD-D75B41CD86B0}"
EndProject
Project("{FAE04EC0-301F-11D3-BF4B-00C04F79EFBC}") = "Allchip.MPFS", "..\PVFSlib\PVFSlib\Allchip.PVFS.csproj", "{9E5C8D19-D7E0-4B04-B51D-89613AAA5670}"
EndProject
Global
	GlobalSection(SolutionConfigurationPlatforms) = preSolution
		Debug|Any CPU = Debug|Any CPU
		Release|Any CPU = Release|Any CPU
	EndGlobalSection
	GlobalSection(ProjectConfigurationPlatforms) = postSolution
		{FAC4D70A-7CB7-4D7C-BECD-D75B41CD86B0}.Debug|Any CPU.ActiveCfg = Debug|Any CPU
		{FAC4D70A-7CB7-4D7C-BECD-D75B41CD86B0}.Debug|Any CPU.Build.0 = Debug|Any CPU
		{FAC4D70A-7CB7-4D7C-BECD-D75B41CD86B0}.Release|Any CPU.ActiveCfg = Release|Any CPU
		{FAC4D70A-7CB7-4D7C-BECD-D75B41CD86B0}.Release|Any CPU.Build.0 = Release|Any CPU
		{9E5C8D19-D7E0-4B04-B51D-89613AAA5670}.Debug|Any CPU.ActiveCfg = Debug|Any CPU
		{9E5C8D19-D7E0-4B04-B51D-89613AAA5670}.Debug|Any CPU.Build.0 = Debug|Any CPU
		{9E5C8D19-D7E0-4B04-B51D-89613AAA5670}.Release|Any CPU.ActiveCfg = Release|Any CPU
		{9E5C8D19-D7E0-4B04-B51D-89613AAA5670}.Release|Any CPU.Build.0 = Release|Any CPU
	EndGlobalSection
	GlobalSection(SolutionProperties) = preSolution
		HideSolutionNode = FALSE
	EndGlobalSection
EndGlobal
